
Microsoft Visual Studio Solution File, Format Version 12.00
# Visual Studio Version 17
VisualStudioVersion = 17.8.34330.188
MinimumVisualStudioVersion = 10.0.40219.1
Project("{9A19103F-16F7-4668-BE54-9A1E7A4F7556}") = "WPFMonoEditor", "WPFMonoEditor\WPFMonoEditor.csproj", "{0F2F4912-08B4-4D9F-B539-38D47D02D2E3}"
EndProject
Project("{9A19103F-16F7-4668-BE54-9A1E7A4F7556}") = "DesktopMonoGame", "DesktopMonoGame\DesktopMonoGame.csproj", "{7AF75212-A35F-4264-9894-E59EE7E0D49C}"
	ProjectSection(ProjectDependencies) = postProject
		{2EB43C40-8592-4496-AD3D-6D407035298B} = {2EB43C40-8592-4496-AD3D-6D407035298B}
		{7F96FD3B-7FCA-4B4C-8141-6D2914ED7912} = {7F96FD3B-7FCA-4B4C-8141-6D2914ED7912}
		{ABAA8F21-B806-4E4F-9080-162681725848} = {ABAA8F21-B806-4E4F-9080-162681725848}
	EndProjectSection
EndProject
Project("{9A19103F-16F7-4668-BE54-9A1E7A4F7556}") = "SpriteFactory", "SpriteFactory\SpriteFactory\SpriteFactory.csproj", "{2062DBEB-DCA4-487C-8DAC-49467D5AD25F}"
EndProject
Project("{9A19103F-16F7-4668-BE54-9A1E7A4F7556}") = "MonoGame.Extended.Animations", "MonoGame.Extended\src\cs\MonoGame.Extended.Animations\MonoGame.Extended.Animations.csproj", "{7F96FD3B-7FCA-4B4C-8141-6D2914ED7912}"
EndProject
Project("{2150E333-8FDC-42A3-9474-1A3956D46DE8}") = "MonogameExtended", "MonogameExtended", "{58A5B93B-0183-4609-951F-6E9834D07EC9}"
EndProject
Project("{9A19103F-16F7-4668-BE54-9A1E7A4F7556}") = "MonoGame.Extended", "MonoGame.Extended\src\cs\MonoGame.Extended\MonoGame.Extended.csproj", "{2EB43C40-8592-4496-AD3D-6D407035298B}"
EndProject
Project("{9A19103F-16F7-4668-BE54-9A1E7A4F7556}") = "MonoGame.Extended.Entities", "MonoGame.Extended\src\cs\MonoGame.Extended.Entities\MonoGame.Extended.Entities.csproj", "{ABAA8F21-B806-4E4F-9080-162681725848}"
EndProject
Project("{9A19103F-16F7-4668-BE54-9A1E7A4F7556}") = "Demos", "Demos\Demos\Demos.csproj", "{F896A992-3F19-4C8E-A047-584649E41176}"
	ProjectSection(ProjectDependencies) = postProject
		{7AF75212-A35F-4264-9894-E59EE7E0D49C} = {7AF75212-A35F-4264-9894-E59EE7E0D49C}
	EndProjectSection
EndProject
Project("{9A19103F-16F7-4668-BE54-9A1E7A4F7556}") = "Test", "Test\Test.csproj", "{0CB82A4A-651E-4682-81B8-8302E9159FAB}"
EndProject
Project("{2150E333-8FDC-42A3-9474-1A3956D46DE8}") = "Mics", "Mics", "{146604F2-EB5F-4194-B8CC-2C9C1D7DE282}"
EndProject
Project("{2150E333-8FDC-42A3-9474-1A3956D46DE8}") = "Tools", "Tools", "{8D98EFDB-9B02-4E18-8EB1-64242B11A426}"
EndProject
Project("{9A19103F-16F7-4668-BE54-9A1E7A4F7556}") = "ImGui.NET", "ImGui.NET\src\ImGui.NET\ImGui.NET.csproj", "{0452E635-F5AC-4B5F-9714-281188F91FC0}"
EndProject
Project("{FAE04EC0-301F-11D3-BF4B-00C04F79EFBC}") = "ImguiWrapper", "ImguiWrapper\ImguiWrapper.csproj", "{F2B19AE9-2E59-46A9-B682-274FDE073295}"
EndProject
Global
	GlobalSection(SolutionConfigurationPlatforms) = preSolution
		Debug|Any CPU = Debug|Any CPU
		Release|Any CPU = Release|Any CPU
	EndGlobalSection
	GlobalSection(ProjectConfigurationPlatforms) = postSolution
		{0F2F4912-08B4-4D9F-B539-38D47D02D2E3}.Debug|Any CPU.ActiveCfg = Debug|Any CPU
		{0F2F4912-08B4-4D9F-B539-38D47D02D2E3}.Debug|Any CPU.Build.0 = Debug|Any CPU
		{0F2F4912-08B4-4D9F-B539-38D47D02D2E3}.Release|Any CPU.ActiveCfg = Release|Any CPU
		{0F2F4912-08B4-4D9F-B539-38D47D02D2E3}.Release|Any CPU.Build.0 = Release|Any CPU
		{7AF75212-A35F-4264-9894-E59EE7E0D49C}.Debug|Any CPU.ActiveCfg = Debug|Any CPU
		{7AF75212-A35F-4264-9894-E59EE7E0D49C}.Debug|Any CPU.Build.0 = Debug|Any CPU
		{7AF75212-A35F-4264-9894-E59EE7E0D49C}.Release|Any CPU.ActiveCfg = Release|Any CPU
		{7AF75212-A35F-4264-9894-E59EE7E0D49C}.Release|Any CPU.Build.0 = Release|Any CPU
		{2062DBEB-DCA4-487C-8DAC-49467D5AD25F}.Debug|Any CPU.ActiveCfg = Debug|Any CPU
		{2062DBEB-DCA4-487C-8DAC-49467D5AD25F}.Debug|Any CPU.Build.0 = Debug|Any CPU
		{2062DBEB-DCA4-487C-8DAC-49467D5AD25F}.Release|Any CPU.ActiveCfg = Release|Any CPU
		{2062DBEB-DCA4-487C-8DAC-49467D5AD25F}.Release|Any CPU.Build.0 = Release|Any CPU
		{7F96FD3B-7FCA-4B4C-8141-6D2914ED7912}.Debug|Any CPU.ActiveCfg = Debug|Any CPU
		{7F96FD3B-7FCA-4B4C-8141-6D2914ED7912}.Debug|Any CPU.Build.0 = Debug|Any CPU
		{7F96FD3B-7FCA-4B4C-8141-6D2914ED7912}.Release|Any CPU.ActiveCfg = Release|Any CPU
		{7F96FD3B-7FCA-4B4C-8141-6D2914ED7912}.Release|Any CPU.Build.0 = Release|Any CPU
		{2EB43C40-8592-4496-AD3D-6D407035298B}.Debug|Any CPU.ActiveCfg = Debug|Any CPU
		{2EB43C40-8592-4496-AD3D-6D407035298B}.Debug|Any CPU.Build.0 = Debug|Any CPU
		{2EB43C40-8592-4496-AD3D-6D407035298B}.Release|Any CPU.ActiveCfg = Release|Any CPU
		{2EB43C40-8592-4496-AD3D-6D407035298B}.Release|Any CPU.Build.0 = Release|Any CPU
		{ABAA8F21-B806-4E4F-9080-162681725848}.Debug|Any CPU.ActiveCfg = Debug|Any CPU
		{ABAA8F21-B806-4E4F-9080-162681725848}.Debug|Any CPU.Build.0 = Debug|Any CPU
		{ABAA8F21-B806-4E4F-9080-162681725848}.Release|Any CPU.ActiveCfg = Release|Any CPU
		{ABAA8F21-B806-4E4F-9080-162681725848}.Release|Any CPU.Build.0 = Release|Any CPU
		{F896A992-3F19-4C8E-A047-584649E41176}.Debug|Any CPU.ActiveCfg = Debug|Any CPU
		{F896A992-3F19-4C8E-A047-584649E41176}.Debug|Any CPU.Build.0 = Debug|Any CPU
		{F896A992-3F19-4C8E-A047-584649E41176}.Release|Any CPU.ActiveCfg = Release|Any CPU
		{F896A992-3F19-4C8E-A047-584649E41176}.Release|Any CPU.Build.0 = Release|Any CPU
		{0CB82A4A-651E-4682-81B8-8302E9159FAB}.Debug|Any CPU.ActiveCfg = Debug|Any CPU
		{0CB82A4A-651E-4682-81B8-8302E9159FAB}.Debug|Any CPU.Build.0 = Debug|Any CPU
		{0CB82A4A-651E-4682-81B8-8302E9159FAB}.Release|Any CPU.ActiveCfg = Release|Any CPU
		{0CB82A4A-651E-4682-81B8-8302E9159FAB}.Release|Any CPU.Build.0 = Release|Any CPU
		{0452E635-F5AC-4B5F-9714-281188F91FC0}.Debug|Any CPU.ActiveCfg = Debug|Any CPU
		{0452E635-F5AC-4B5F-9714-281188F91FC0}.Debug|Any CPU.Build.0 = Debug|Any CPU
		{0452E635-F5AC-4B5F-9714-281188F91FC0}.Release|Any CPU.ActiveCfg = Release|Any CPU
		{0452E635-F5AC-4B5F-9714-281188F91FC0}.Release|Any CPU.Build.0 = Release|Any CPU
		{F2B19AE9-2E59-46A9-B682-274FDE073295}.Debug|Any CPU.ActiveCfg = Debug|Any CPU
		{F2B19AE9-2E59-46A9-B682-274FDE073295}.Debug|Any CPU.Build.0 = Debug|Any CPU
		{F2B19AE9-2E59-46A9-B682-274FDE073295}.Release|Any CPU.ActiveCfg = Release|Any CPU
		{F2B19AE9-2E59-46A9-B682-274FDE073295}.Release|Any CPU.Build.0 = Release|Any CPU
	EndGlobalSection
	GlobalSection(SolutionProperties) = preSolution
		HideSolutionNode = FALSE
	EndGlobalSection
	GlobalSection(NestedProjects) = preSolution
		{0F2F4912-08B4-4D9F-B539-38D47D02D2E3} = {8D98EFDB-9B02-4E18-8EB1-64242B11A426}
		{2062DBEB-DCA4-487C-8DAC-49467D5AD25F} = {8D98EFDB-9B02-4E18-8EB1-64242B11A426}
		{7F96FD3B-7FCA-4B4C-8141-6D2914ED7912} = {58A5B93B-0183-4609-951F-6E9834D07EC9}
		{2EB43C40-8592-4496-AD3D-6D407035298B} = {58A5B93B-0183-4609-951F-6E9834D07EC9}
		{ABAA8F21-B806-4E4F-9080-162681725848} = {58A5B93B-0183-4609-951F-6E9834D07EC9}
		{F896A992-3F19-4C8E-A047-584649E41176} = {146604F2-EB5F-4194-B8CC-2C9C1D7DE282}
		{0CB82A4A-651E-4682-81B8-8302E9159FAB} = {146604F2-EB5F-4194-B8CC-2C9C1D7DE282}
		{0452E635-F5AC-4B5F-9714-281188F91FC0} = {8D98EFDB-9B02-4E18-8EB1-64242B11A426}
	EndGlobalSection
	GlobalSection(ExtensibilityGlobals) = postSolution
		SolutionGuid = {11046E3B-1807-4421-A081-FB87FBEDDAB0}
	EndGlobalSection
EndGlobal
