
Microsoft Visual Studio Solution File, Format Version 12.00
# Visual Studio Version 17
VisualStudioVersion = 17.8.34330.188
MinimumVisualStudioVersion = 10.0.40219.1
Project("{FAE04EC0-301F-11D3-BF4B-00C04F79EFBC}") = "WPFMonoEditor", "WPFMonoEditor\WPFMonoEditor.csproj", "{0F2F4912-08B4-4D9F-B539-38D47D02D2E3}"
EndProject
Global
	GlobalSection(SolutionConfigurationPlatforms) = preSolution
		Debug|Any CPU = Debug|Any CPU
		Release|Any CPU = Release|Any CPU
	EndGlobalSection
	GlobalSection(ProjectConfigurationPlatforms) = postSolution
		{0F2F4912-08B4-4D9F-B539-38D47D02D2E3}.Debug|Any CPU.ActiveCfg = Debug|Any CPU
		{0F2F4912-08B4-4D9F-B539-38D47D02D2E3}.Debug|Any CPU.Build.0 = Debug|Any CPU
		{0F2F4912-08B4-4D9F-B539-38D47D02D2E3}.Release|Any CPU.ActiveCfg = Release|Any CPU
		{0F2F4912-08B4-4D9F-B539-38D47D02D2E3}.Release|Any CPU.Build.0 = Release|Any CPU
	EndGlobalSection
	GlobalSection(SolutionProperties) = preSolution
		HideSolutionNode = FALSE
	EndGlobalSection
	GlobalSection(ExtensibilityGlobals) = postSolution
		SolutionGuid = {11046E3B-1807-4421-A081-FB87FBEDDAB0}
	EndGlobalSection
EndGlobal
